
Microsoft Visual Studio Solution File, Format Version 12.00
# Visual Studio 15
VisualStudioVersion = 15.0.27428.2015
MinimumVisualStudioVersion = 10.0.40219.1
Project("{FAE04EC0-301F-11D3-BF4B-00C04F79EFBC}") = "Zabor", "Zabor\Zabor.csproj", "{B24E76FA-9404-4174-B8FD-0E80E942B7F5}"
EndProject
Global
	GlobalSection(SolutionConfigurationPlatforms) = preSolution
		Debug|Any CPU = Debug|Any CPU
		Release|Any CPU = Release|Any CPU
	EndGlobalSection
	GlobalSection(ProjectConfigurationPlatforms) = postSolution
		{B24E76FA-9404-4174-B8FD-0E80E942B7F5}.Debug|Any CPU.ActiveCfg = Debug|Any CPU
		{B24E76FA-9404-4174-B8FD-0E80E942B7F5}.Debug|Any CPU.Build.0 = Debug|Any CPU
		{B24E76FA-9404-4174-B8FD-0E80E942B7F5}.Release|Any CPU.ActiveCfg = Release|Any CPU
		{B24E76FA-9404-4174-B8FD-0E80E942B7F5}.Release|Any CPU.Build.0 = Release|Any CPU
	EndGlobalSection
	GlobalSection(SolutionProperties) = preSolution
		HideSolutionNode = FALSE
	EndGlobalSection
	GlobalSection(ExtensibilityGlobals) = postSolution
		SolutionGuid = {1D7D6529-99F9-45A9-A9EF-B4B9BAB9CB35}
	EndGlobalSection
EndGlobal
